{
  "name": "simple-metric-server",
  "version": "1.0.0",
  "lockfileVersion": 3,
  "requires": true,
  "packages": {
    "": {
      "name": "simple-metric-server",
      "version": "1.0.0",
      "license": "MIT",
      "dependencies": {
        "get-port": "^7.0.0",
        "meow": "^12.0.1"
      },
      "bin": {
        "simple-metric-server": "cli.js"
      },
      "engines": {
        "node": ">=18.0.0"
      }
    },
    "node_modules/get-port": {
      "version": "7.0.0",
      "resolved": "https://registry.npmjs.org/get-port/-/get-port-7.0.0.tgz",
      "integrity": "sha512-mDHFgApoQd+azgMdwylJrv2DX47ywGq1i5VFJE7fZ0dttNq3iQMfsU4IvEgBHojA3KqEudyu7Vq+oN8kNaNkWw==",
      "engines": {
        "node": ">=16"
      },
      "funding": {
        "url": "https://github.com/sponsors/sindresorhus"
      }
    },
    "node_modules/meow": {
      "version": "12.1.1",
      "resolved": "https://registry.npmjs.org/meow/-/meow-12.1.1.tgz",
      "integrity": "sha512-BhXM0Au22RwUneMPwSCnyhTOizdWoIEPU9sp0Aqa1PnDMR5Wv2FGXYDjuzJEIX+Eo2Rb8xuYe5jrnm5QowQFkw==",
      "engines": {
        "node": ">=16.10"
      },
      "funding": {
        "url": "https://github.com/sponsors/sindresorhus"
      }
    }
  }
}
